
Microsoft Visual Studio Solution File, Format Version 12.00
# Visual Studio Version 17
VisualStudioVersion = 17.8.34601.278
MinimumVisualStudioVersion = 10.0.40219.1
Project("{FAE04EC0-301F-11D3-BF4B-00C04F79EFBC}") = "10 практияеская", "10 практияеская\10 практияеская.csproj", "{9D4D6B1C-4295-467D-B8A0-9A6FECF20FCD}"
EndProject
Global
	GlobalSection(SolutionConfigurationPlatforms) = preSolution
		Debug|Any CPU = Debug|Any CPU
		Release|Any CPU = Release|Any CPU
	EndGlobalSection
	GlobalSection(ProjectConfigurationPlatforms) = postSolution
		{9D4D6B1C-4295-467D-B8A0-9A6FECF20FCD}.Debug|Any CPU.ActiveCfg = Debug|Any CPU
		{9D4D6B1C-4295-467D-B8A0-9A6FECF20FCD}.Debug|Any CPU.Build.0 = Debug|Any CPU
		{9D4D6B1C-4295-467D-B8A0-9A6FECF20FCD}.Release|Any CPU.ActiveCfg = Release|Any CPU
		{9D4D6B1C-4295-467D-B8A0-9A6FECF20FCD}.Release|Any CPU.Build.0 = Release|Any CPU
	EndGlobalSection
	GlobalSection(SolutionProperties) = preSolution
		HideSolutionNode = FALSE
	EndGlobalSection
	GlobalSection(ExtensibilityGlobals) = postSolution
		SolutionGuid = {A1898083-A4C3-4219-9A34-39D7276E033D}
	EndGlobalSection
EndGlobal
